// !$*UTF8*$!
{
	archiveVersion = 1;
	classes = {
	};
	objectVersion = 50;
	objects = {

/* Begin PBXBuildFile section */
		29039B3E2272CFE7000B7D38 /* RenderingTests.swift in Sources */ = {isa = PBXBuildFile; fileRef = 29039B3D2272CFE7000B7D38 /* RenderingTests.swift */; };
		29039B402274ABBF000B7D38 /* Types.swift in Sources */ = {isa = PBXBuildFile; fileRef = 29039B3F2274ABBF000B7D38 /* Types.swift */; };
		29039B4222767545000B7D38 /* Rendering.swift in Sources */ = {isa = PBXBuildFile; fileRef = 29039B4122767545000B7D38 /* Rendering.swift */; };
		29039B4622768092000B7D38 /* AverTests.swift in Sources */ = {isa = PBXBuildFile; fileRef = 29039B4522768092000B7D38 /* AverTests.swift */; };
		294E134D225DB27E000301AA /* MarkDown.swift in Sources */ = {isa = PBXBuildFile; fileRef = 294E134C225DB27E000301AA /* MarkDown.swift */; };
		298439A7224EF802001ED9BA /* AppDelegate.swift in Sources */ = {isa = PBXBuildFile; fileRef = 298439A6224EF802001ED9BA /* AppDelegate.swift */; };
		29A677522266EAA900FC55F1 /* Aver.swift in Sources */ = {isa = PBXBuildFile; fileRef = 29A6774D2266CF4200FC55F1 /* Aver.swift */; };
		29A677532266EAA900FC55F1 /* Resolving.swift in Sources */ = {isa = PBXBuildFile; fileRef = 294E1346225DB244000301AA /* Resolving.swift */; };
		29A677542266EAA900FC55F1 /* Diffing.swift in Sources */ = {isa = PBXBuildFile; fileRef = 294E1348225DB25F000301AA /* Diffing.swift */; };
		29A677552266EAA900FC55F1 /* Element.swift in Sources */ = {isa = PBXBuildFile; fileRef = 294E134A225DB26C000301AA /* Element.swift */; };
		2F5C0FF02270B2B900B538BE /* DiffingTests.swift in Sources */ = {isa = PBXBuildFile; fileRef = 2F5C0FEF2270B2B900B538BE /* DiffingTests.swift */; };
		2F5C0FF82270B77900B538BE /* Tree.swift in Sources */ = {isa = PBXBuildFile; fileRef = 2F5C0FF72270B77900B538BE /* Tree.swift */; };
		2F5C0FFA2270B79900B538BE /* Ergonomics.swift in Sources */ = {isa = PBXBuildFile; fileRef = 2F5C0FF92270B79900B538BE /* Ergonomics.swift */; };
		2F5C0FFC2270BEC800B538BE /* ResolvingTests.swift in Sources */ = {isa = PBXBuildFile; fileRef = 2F5C0FFB2270BEC800B538BE /* ResolvingTests.swift */; };
/* End PBXBuildFile section */

/* Begin PBXContainerItemProxy section */
		2F5C0FF22270B2B900B538BE /* PBXContainerItemProxy */ = {
			isa = PBXContainerItemProxy;
			containerPortal = 2984399B224EF802001ED9BA /* Project object */;
			proxyType = 1;
			remoteGlobalIDString = 298439A2224EF802001ED9BA;
			remoteInfo = AverLib;
		};
/* End PBXContainerItemProxy section */

/* Begin PBXFileReference section */
		29039B3D2272CFE7000B7D38 /* RenderingTests.swift */ = {isa = PBXFileReference; lastKnownFileType = sourcecode.swift; path = RenderingTests.swift; sourceTree = "<group>"; };
		29039B3F2274ABBF000B7D38 /* Types.swift */ = {isa = PBXFileReference; lastKnownFileType = sourcecode.swift; path = Types.swift; sourceTree = "<group>"; };
		29039B4122767545000B7D38 /* Rendering.swift */ = {isa = PBXFileReference; lastKnownFileType = sourcecode.swift; path = Rendering.swift; sourceTree = "<group>"; };
		29039B4522768092000B7D38 /* AverTests.swift */ = {isa = PBXFileReference; lastKnownFileType = sourcecode.swift; path = AverTests.swift; sourceTree = "<group>"; };
		294E1346225DB244000301AA /* Resolving.swift */ = {isa = PBXFileReference; lastKnownFileType = sourcecode.swift; path = Resolving.swift; sourceTree = "<group>"; };
		294E1348225DB25F000301AA /* Diffing.swift */ = {isa = PBXFileReference; lastKnownFileType = sourcecode.swift; path = Diffing.swift; sourceTree = "<group>"; };
		294E134A225DB26C000301AA /* Element.swift */ = {isa = PBXFileReference; lastKnownFileType = sourcecode.swift; path = Element.swift; sourceTree = "<group>"; };
		294E134C225DB27E000301AA /* MarkDown.swift */ = {isa = PBXFileReference; lastKnownFileType = sourcecode.swift; path = MarkDown.swift; sourceTree = "<group>"; };
		298439A3224EF802001ED9BA /* AverLib.app */ = {isa = PBXFileReference; explicitFileType = wrapper.application; includeInIndex = 0; path = AverLib.app; sourceTree = BUILT_PRODUCTS_DIR; };
		298439A6224EF802001ED9BA /* AppDelegate.swift */ = {isa = PBXFileReference; lastKnownFileType = sourcecode.swift; path = AppDelegate.swift; sourceTree = "<group>"; };
		298439B2224EF805001ED9BA /* Info.plist */ = {isa = PBXFileReference; lastKnownFileType = text.plist.xml; path = Info.plist; sourceTree = "<group>"; };
		29A6774D2266CF4200FC55F1 /* Aver.swift */ = {isa = PBXFileReference; lastKnownFileType = sourcecode.swift; path = Aver.swift; sourceTree = "<group>"; };
		2F5C0FED2270B2B800B538BE /* AverLibTests.xctest */ = {isa = PBXFileReference; explicitFileType = wrapper.cfbundle; includeInIndex = 0; path = AverLibTests.xctest; sourceTree = BUILT_PRODUCTS_DIR; };
		2F5C0FEF2270B2B900B538BE /* DiffingTests.swift */ = {isa = PBXFileReference; lastKnownFileType = sourcecode.swift; path = DiffingTests.swift; sourceTree = "<group>"; };
		2F5C0FF12270B2B900B538BE /* Info.plist */ = {isa = PBXFileReference; lastKnownFileType = text.plist.xml; path = Info.plist; sourceTree = "<group>"; };
		2F5C0FF72270B77900B538BE /* Tree.swift */ = {isa = PBXFileReference; lastKnownFileType = sourcecode.swift; path = Tree.swift; sourceTree = "<group>"; };
		2F5C0FF92270B79900B538BE /* Ergonomics.swift */ = {isa = PBXFileReference; lastKnownFileType = sourcecode.swift; path = Ergonomics.swift; sourceTree = "<group>"; };
		2F5C0FFB2270BEC800B538BE /* ResolvingTests.swift */ = {isa = PBXFileReference; lastKnownFileType = sourcecode.swift; path = ResolvingTests.swift; sourceTree = "<group>"; };
/* End PBXFileReference section */

/* Begin PBXFrameworksBuildPhase section */
		298439A0224EF802001ED9BA /* Frameworks */ = {
			isa = PBXFrameworksBuildPhase;
			buildActionMask = 2147483647;
			files = (
			);
			runOnlyForDeploymentPostprocessing = 0;
		};
		2F5C0FEA2270B2B800B538BE /* Frameworks */ = {
			isa = PBXFrameworksBuildPhase;
			buildActionMask = 2147483647;
			files = (
			);
			runOnlyForDeploymentPostprocessing = 0;
		};
/* End PBXFrameworksBuildPhase section */

/* Begin PBXGroup section */
		2984399A224EF802001ED9BA = {
			isa = PBXGroup;
			children = (
				29039B4522768092000B7D38 /* AverTests.swift */,
				298439A5224EF802001ED9BA /* source */,
				2F5C0FEE2270B2B900B538BE /* AverLibTests */,
				298439A4224EF802001ED9BA /* Products */,
			);
			sourceTree = "<group>";
		};
		298439A4224EF802001ED9BA /* Products */ = {
			isa = PBXGroup;
			children = (
				298439A3224EF802001ED9BA /* AverLib.app */,
				2F5C0FED2270B2B800B538BE /* AverLibTests.xctest */,
			);
			name = Products;
			sourceTree = "<group>";
		};
		298439A5224EF802001ED9BA /* source */ = {
			isa = PBXGroup;
			children = (
				29A6774F2266E41C00FC55F1 /* Aver */,
				298439A6224EF802001ED9BA /* AppDelegate.swift */,
				294E134C225DB27E000301AA /* MarkDown.swift */,
				298439B2224EF805001ED9BA /* Info.plist */,
			);
			path = source;
			sourceTree = "<group>";
		};
		29A6774F2266E41C00FC55F1 /* Aver */ = {
			isa = PBXGroup;
			children = (
				29A6774D2266CF4200FC55F1 /* Aver.swift */,
				294E1346225DB244000301AA /* Resolving.swift */,
				294E1348225DB25F000301AA /* Diffing.swift */,
				294E134A225DB26C000301AA /* Element.swift */,
				2F5C0FF72270B77900B538BE /* Tree.swift */,
				2F5C0FF92270B79900B538BE /* Ergonomics.swift */,
				29039B3F2274ABBF000B7D38 /* Types.swift */,
				29039B4122767545000B7D38 /* Rendering.swift */,
			);
			path = Aver;
			sourceTree = "<group>";
		};
		2F5C0FEE2270B2B900B538BE /* AverLibTests */ = {
			isa = PBXGroup;
			children = (
				2F5C0FEF2270B2B900B538BE /* DiffingTests.swift */,
				2F5C0FFB2270BEC800B538BE /* ResolvingTests.swift */,
				29039B3D2272CFE7000B7D38 /* RenderingTests.swift */,
				2F5C0FF12270B2B900B538BE /* Info.plist */,
			);
			path = AverLibTests;
			sourceTree = "<group>";
		};
/* End PBXGroup section */

/* Begin PBXNativeTarget section */
		298439A2224EF802001ED9BA /* AverLib */ = {
			isa = PBXNativeTarget;
			buildConfigurationList = 298439B5224EF805001ED9BA /* Build configuration list for PBXNativeTarget "AverLib" */;
			buildPhases = (
				2984399F224EF802001ED9BA /* Sources */,
				298439A0224EF802001ED9BA /* Frameworks */,
				298439A1224EF802001ED9BA /* Resources */,
			);
			buildRules = (
			);
			dependencies = (
			);
			name = AverLib;
			productName = asdfasdfasdfs;
			productReference = 298439A3224EF802001ED9BA /* AverLib.app */;
			productType = "com.apple.product-type.application";
		};
		2F5C0FEC2270B2B800B538BE /* AverLibTests */ = {
			isa = PBXNativeTarget;
			buildConfigurationList = 2F5C0FF62270B2B900B538BE /* Build configuration list for PBXNativeTarget "AverLibTests" */;
			buildPhases = (
				2F5C0FE92270B2B800B538BE /* Sources */,
				2F5C0FEA2270B2B800B538BE /* Frameworks */,
				2F5C0FEB2270B2B800B538BE /* Resources */,
			);
			buildRules = (
			);
			dependencies = (
				2F5C0FF32270B2B900B538BE /* PBXTargetDependency */,
			);
			name = AverLibTests;
			productName = AverLibTests;
			productReference = 2F5C0FED2270B2B800B538BE /* AverLibTests.xctest */;
			productType = "com.apple.product-type.bundle.unit-test";
		};
/* End PBXNativeTarget section */

/* Begin PBXProject section */
		2984399B224EF802001ED9BA /* Project object */ = {
			isa = PBXProject;
			attributes = {
				LastSwiftUpdateCheck = 1010;
				LastUpgradeCheck = 1010;
				ORGANIZATIONNAME = "Alexander Bollbach";
				TargetAttributes = {
					298439A2224EF802001ED9BA = {
						CreatedOnToolsVersion = 10.1;
					};
					2F5C0FEC2270B2B800B538BE = {
						CreatedOnToolsVersion = 10.1;
						TestTargetID = 298439A2224EF802001ED9BA;
					};
				};
			};
			buildConfigurationList = 2984399E224EF802001ED9BA /* Build configuration list for PBXProject "AverLib" */;
			compatibilityVersion = "Xcode 9.3";
			developmentRegion = en;
			hasScannedForEncodings = 0;
			knownRegions = (
				en,
				Base,
			);
			mainGroup = 2984399A224EF802001ED9BA;
			productRefGroup = 298439A4224EF802001ED9BA /* Products */;
			projectDirPath = "";
			projectRoot = "";
			targets = (
				298439A2224EF802001ED9BA /* AverLib */,
				2F5C0FEC2270B2B800B538BE /* AverLibTests */,
			);
		};
/* End PBXProject section */

/* Begin PBXResourcesBuildPhase section */
		298439A1224EF802001ED9BA /* Resources */ = {
			isa = PBXResourcesBuildPhase;
			buildActionMask = 2147483647;
			files = (
			);
			runOnlyForDeploymentPostprocessing = 0;
		};
		2F5C0FEB2270B2B800B538BE /* Resources */ = {
			isa = PBXResourcesBuildPhase;
			buildActionMask = 2147483647;
			files = (
			);
			runOnlyForDeploymentPostprocessing = 0;
		};
/* End PBXResourcesBuildPhase section */

/* Begin PBXSourcesBuildPhase section */
		2984399F224EF802001ED9BA /* Sources */ = {
			isa = PBXSourcesBuildPhase;
			buildActionMask = 2147483647;
			files = (
				29039B4222767545000B7D38 /* Rendering.swift in Sources */,
				298439A7224EF802001ED9BA /* AppDelegate.swift in Sources */,
				29A677542266EAA900FC55F1 /* Diffing.swift in Sources */,
				294E134D225DB27E000301AA /* MarkDown.swift in Sources */,
				29A677522266EAA900FC55F1 /* Aver.swift in Sources */,
				2F5C0FF82270B77900B538BE /* Tree.swift in Sources */,
				29A677552266EAA900FC55F1 /* Element.swift in Sources */,
				29039B402274ABBF000B7D38 /* Types.swift in Sources */,
				29A677532266EAA900FC55F1 /* Resolving.swift in Sources */,
				2F5C0FFA2270B79900B538BE /* Ergonomics.swift in Sources */,
			);
			runOnlyForDeploymentPostprocessing = 0;
		};
		2F5C0FE92270B2B800B538BE /* Sources */ = {
			isa = PBXSourcesBuildPhase;
			buildActionMask = 2147483647;
			files = (
				2F5C0FF02270B2B900B538BE /* DiffingTests.swift in Sources */,
				2F5C0FFC2270BEC800B538BE /* ResolvingTests.swift in Sources */,
				29039B3E2272CFE7000B7D38 /* RenderingTests.swift in Sources */,
				29039B4622768092000B7D38 /* AverTests.swift in Sources */,
			);
			runOnlyForDeploymentPostprocessing = 0;
		};
/* End PBXSourcesBuildPhase section */

/* Begin PBXTargetDependency section */
		2F5C0FF32270B2B900B538BE /* PBXTargetDependency */ = {
			isa = PBXTargetDependency;
			target = 298439A2224EF802001ED9BA /* AverLib */;
			targetProxy = 2F5C0FF22270B2B900B538BE /* PBXContainerItemProxy */;
		};
/* End PBXTargetDependency section */

/* Begin XCBuildConfiguration section */
		298439B3224EF805001ED9BA /* Debug */ = {
			isa = XCBuildConfiguration;
			buildSettings = {
				ALWAYS_SEARCH_USER_PATHS = NO;
				CLANG_ANALYZER_NONNULL = YES;
				CLANG_ANALYZER_NUMBER_OBJECT_CONVERSION = YES_AGGRESSIVE;
				CLANG_CXX_LANGUAGE_STANDARD = "gnu++14";
				CLANG_CXX_LIBRARY = "libc++";
				CLANG_ENABLE_MODULES = YES;
				CLANG_ENABLE_OBJC_ARC = YES;
				CLANG_ENABLE_OBJC_WEAK = YES;
				CLANG_WARN_BLOCK_CAPTURE_AUTORELEASING = YES;
				CLANG_WARN_BOOL_CONVERSION = YES;
				CLANG_WARN_COMMA = YES;
				CLANG_WARN_CONSTANT_CONVERSION = YES;
				CLANG_WARN_DEPRECATED_OBJC_IMPLEMENTATIONS = YES;
				CLANG_WARN_DIRECT_OBJC_ISA_USAGE = YES_ERROR;
				CLANG_WARN_DOCUMENTATION_COMMENTS = YES;
				CLANG_WARN_EMPTY_BODY = YES;
				CLANG_WARN_ENUM_CONVERSION = YES;
				CLANG_WARN_INFINITE_RECURSION = YES;
				CLANG_WARN_INT_CONVERSION = YES;
				CLANG_WARN_NON_LITERAL_NULL_CONVERSION = YES;
				CLANG_WARN_OBJC_IMPLICIT_RETAIN_SELF = YES;
				CLANG_WARN_OBJC_LITERAL_CONVERSION = YES;
				CLANG_WARN_OBJC_ROOT_CLASS = YES_ERROR;
				CLANG_WARN_RANGE_LOOP_ANALYSIS = YES;
				CLANG_WARN_STRICT_PROTOTYPES = YES;
				CLANG_WARN_SUSPICIOUS_MOVE = YES;
				CLANG_WARN_UNGUARDED_AVAILABILITY = YES_AGGRESSIVE;
				CLANG_WARN_UNREACHABLE_CODE = YES;
				CLANG_WARN__DUPLICATE_METHOD_MATCH = YES;
				CODE_SIGN_IDENTITY = "iPhone Developer";
				COPY_PHASE_STRIP = NO;
				DEBUG_INFORMATION_FORMAT = dwarf;
				ENABLE_STRICT_OBJC_MSGSEND = YES;
				ENABLE_TESTABILITY = YES;
				GCC_C_LANGUAGE_STANDARD = gnu11;
				GCC_DYNAMIC_NO_PIC = NO;
				GCC_NO_COMMON_BLOCKS = YES;
				GCC_OPTIMIZATION_LEVEL = 0;
				GCC_PREPROCESSOR_DEFINITIONS = (
					"DEBUG=1",
					"$(inherited)",
				);
				GCC_WARN_64_TO_32_BIT_CONVERSION = YES;
				GCC_WARN_ABOUT_RETURN_TYPE = YES_ERROR;
				GCC_WARN_UNDECLARED_SELECTOR = YES;
				GCC_WARN_UNINITIALIZED_AUTOS = YES_AGGRESSIVE;
				GCC_WARN_UNUSED_FUNCTION = YES;
				GCC_WARN_UNUSED_VARIABLE = YES;
				IPHONEOS_DEPLOYMENT_TARGET = 12.1;
				MTL_ENABLE_DEBUG_INFO = INCLUDE_SOURCE;
				MTL_FAST_MATH = YES;
				ONLY_ACTIVE_ARCH = YES;
				SDKROOT = iphoneos;
				SWIFT_ACTIVE_COMPILATION_CONDITIONS = DEBUG;
				SWIFT_OPTIMIZATION_LEVEL = "-Onone";
			};
			name = Debug;
		};
		298439B4224EF805001ED9BA /* Release */ = {
			isa = XCBuildConfiguration;
			buildSettings = {
				ALWAYS_SEARCH_USER_PATHS = NO;
				CLANG_ANALYZER_NONNULL = YES;
				CLANG_ANALYZER_NUMBER_OBJECT_CONVERSION = YES_AGGRESSIVE;
				CLANG_CXX_LANGUAGE_STANDARD = "gnu++14";
				CLANG_CXX_LIBRARY = "libc++";
				CLANG_ENABLE_MODULES = YES;
				CLANG_ENABLE_OBJC_ARC = YES;
				CLANG_ENABLE_OBJC_WEAK = YES;
				CLANG_WARN_BLOCK_CAPTURE_AUTORELEASING = YES;
				CLANG_WARN_BOOL_CONVERSION = YES;
				CLANG_WARN_COMMA = YES;
				CLANG_WARN_CONSTANT_CONVERSION = YES;
				CLANG_WARN_DEPRECATED_OBJC_IMPLEMENTATIONS = YES;
				CLANG_WARN_DIRECT_OBJC_ISA_USAGE = YES_ERROR;
				CLANG_WARN_DOCUMENTATION_COMMENTS = YES;
				CLANG_WARN_EMPTY_BODY = YES;
				CLANG_WARN_ENUM_CONVERSION = YES;
				CLANG_WARN_INFINITE_RECURSION = YES;
				CLANG_WARN_INT_CONVERSION = YES;
				CLANG_WARN_NON_LITERAL_NULL_CONVERSION = YES;
				CLANG_WARN_OBJC_IMPLICIT_RETAIN_SELF = YES;
				CLANG_WARN_OBJC_LITERAL_CONVERSION = YES;
				CLANG_WARN_OBJC_ROOT_CLASS = YES_ERROR;
				CLANG_WARN_RANGE_LOOP_ANALYSIS = YES;
				CLANG_WARN_STRICT_PROTOTYPES = YES;
				CLANG_WARN_SUSPICIOUS_MOVE = YES;
				CLANG_WARN_UNGUARDED_AVAILABILITY = YES_AGGRESSIVE;
				CLANG_WARN_UNREACHABLE_CODE = YES;
				CLANG_WARN__DUPLICATE_METHOD_MATCH = YES;
				CODE_SIGN_IDENTITY = "iPhone Developer";
				COPY_PHASE_STRIP = NO;
				DEBUG_INFORMATION_FORMAT = "dwarf-with-dsym";
				ENABLE_NS_ASSERTIONS = NO;
				ENABLE_STRICT_OBJC_MSGSEND = YES;
				GCC_C_LANGUAGE_STANDARD = gnu11;
				GCC_NO_COMMON_BLOCKS = YES;
				GCC_WARN_64_TO_32_BIT_CONVERSION = YES;
				GCC_WARN_ABOUT_RETURN_TYPE = YES_ERROR;
				GCC_WARN_UNDECLARED_SELECTOR = YES;
				GCC_WARN_UNINITIALIZED_AUTOS = YES_AGGRESSIVE;
				GCC_WARN_UNUSED_FUNCTION = YES;
				GCC_WARN_UNUSED_VARIABLE = YES;
				IPHONEOS_DEPLOYMENT_TARGET = 12.1;
				MTL_ENABLE_DEBUG_INFO = NO;
				MTL_FAST_MATH = YES;
				SDKROOT = iphoneos;
				SWIFT_COMPILATION_MODE = wholemodule;
				SWIFT_OPTIMIZATION_LEVEL = "-O";
				VALIDATE_PRODUCT = YES;
			};
			name = Release;
		};
		298439B6224EF805001ED9BA /* Debug */ = {
			isa = XCBuildConfiguration;
			buildSettings = {
				ASSETCATALOG_COMPILER_APPICON_NAME = AppIcon;
				CODE_SIGN_STYLE = Automatic;
				INFOPLIST_FILE = "$(SRCROOT)/source/Info.plist";
				LD_RUNPATH_SEARCH_PATHS = (
					"$(inherited)",
					"@executable_path/Frameworks",
				);
				PRODUCT_BUNDLE_IDENTIFIER = com.alex.asdfasdfasdfs;
				PRODUCT_NAME = "$(TARGET_NAME)";
				SWIFT_VERSION = 4.2;
				TARGETED_DEVICE_FAMILY = "1,2";
			};
			name = Debug;
		};
		298439B7224EF805001ED9BA /* Release */ = {
			isa = XCBuildConfiguration;
			buildSettings = {
				ASSETCATALOG_COMPILER_APPICON_NAME = AppIcon;
				CODE_SIGN_STYLE = Automatic;
				INFOPLIST_FILE = "$(SRCROOT)/source/Info.plist";
				LD_RUNPATH_SEARCH_PATHS = (
					"$(inherited)",
					"@executable_path/Frameworks",
				);
				PRODUCT_BUNDLE_IDENTIFIER = com.alex.asdfasdfasdfs;
				PRODUCT_NAME = "$(TARGET_NAME)";
				SWIFT_VERSION = 4.2;
				TARGETED_DEVICE_FAMILY = "1,2";
			};
			name = Release;
		};
		2F5C0FF42270B2B900B538BE /* Debug */ = {
			isa = XCBuildConfiguration;
			buildSettings = {
				BUNDLE_LOADER = "$(TEST_HOST)";
				CODE_SIGN_STYLE = Automatic;
				DEVELOPMENT_TEAM = 4VJT9264H8;
				INFOPLIST_FILE = AverLibTests/Info.plist;
				LD_RUNPATH_SEARCH_PATHS = (
					"$(inherited)",
					"@executable_path/Frameworks",
					"@loader_path/Frameworks",
				);
				PRODUCT_BUNDLE_IDENTIFIER = foo.bar.baz.quz.AverLibTests;
				PRODUCT_NAME = "$(TARGET_NAME)";
				SWIFT_VERSION = 4.2;
				TARGETED_DEVICE_FAMILY = "1,2";
				TEST_HOST = "$(BUILT_PRODUCTS_DIR)/AverLib.app/AverLib";
			};
			name = Debug;
		};
		2F5C0FF52270B2B900B538BE /* Release */ = {
			isa = XCBuildConfiguration;
			buildSettings = {
				BUNDLE_LOADER = "$(TEST_HOST)";
				CODE_SIGN_STYLE = Automatic;
				DEVELOPMENT_TEAM = 4VJT9264H8;
				INFOPLIST_FILE = AverLibTests/Info.plist;
				LD_RUNPATH_SEARCH_PATHS = (
					"$(inherited)",
					"@executable_path/Frameworks",
					"@loader_path/Frameworks",
				);
				PRODUCT_BUNDLE_IDENTIFIER = foo.bar.baz.quz.AverLibTests;
				PRODUCT_NAME = "$(TARGET_NAME)";
				SWIFT_VERSION = 4.2;
				TARGETED_DEVICE_FAMILY = "1,2";
				TEST_HOST = "$(BUILT_PRODUCTS_DIR)/AverLib.app/AverLib";
			};
			name = Release;
		};
/* End XCBuildConfiguration section */

/* Begin XCConfigurationList section */
		2984399E224EF802001ED9BA /* Build configuration list for PBXProject "AverLib" */ = {
			isa = XCConfigurationList;
			buildConfigurations = (
				298439B3224EF805001ED9BA /* Debug */,
				298439B4224EF805001ED9BA /* Release */,
			);
			defaultConfigurationIsVisible = 0;
			defaultConfigurationName = Release;
		};
		298439B5224EF805001ED9BA /* Build configuration list for PBXNativeTarget "AverLib" */ = {
			isa = XCConfigurationList;
			buildConfigurations = (
				298439B6224EF805001ED9BA /* Debug */,
				298439B7224EF805001ED9BA /* Release */,
			);
			defaultConfigurationIsVisible = 0;
			defaultConfigurationName = Release;
		};
		2F5C0FF62270B2B900B538BE /* Build configuration list for PBXNativeTarget "AverLibTests" */ = {
			isa = XCConfigurationList;
			buildConfigurations = (
				2F5C0FF42270B2B900B538BE /* Debug */,
				2F5C0FF52270B2B900B538BE /* Release */,
			);
			defaultConfigurationIsVisible = 0;
			defaultConfigurationName = Release;
		};
/* End XCConfigurationList section */
	};
	rootObject = 2984399B224EF802001ED9BA /* Project object */;
}
